
Microsoft Visual Studio Solution File, Format Version 12.00
# Visual Studio 15
VisualStudioVersion = 15.0.27130.2003
MinimumVisualStudioVersion = 10.0.40219.1
Project("{FAE04EC0-301F-11D3-BF4B-00C04F79EFBC}") = "CloudApiProject", "CloudApiProject\CloudApiProject.csproj", "{F634DA06-5165-4E51-96CF-F129DBB96EA3}"
EndProject
Global
	GlobalSection(SolutionConfigurationPlatforms) = preSolution
		Debug|Any CPU = Debug|Any CPU
		Release|Any CPU = Release|Any CPU
	EndGlobalSection
	GlobalSection(ProjectConfigurationPlatforms) = postSolution
		{F634DA06-5165-4E51-96CF-F129DBB96EA3}.Debug|Any CPU.ActiveCfg = Debug|Any CPU
		{F634DA06-5165-4E51-96CF-F129DBB96EA3}.Debug|Any CPU.Build.0 = Debug|Any CPU
		{F634DA06-5165-4E51-96CF-F129DBB96EA3}.Release|Any CPU.ActiveCfg = Release|Any CPU
		{F634DA06-5165-4E51-96CF-F129DBB96EA3}.Release|Any CPU.Build.0 = Release|Any CPU
	EndGlobalSection
	GlobalSection(SolutionProperties) = preSolution
		HideSolutionNode = FALSE
	EndGlobalSection
	GlobalSection(ExtensibilityGlobals) = postSolution
		SolutionGuid = {FFEDB0F6-76CF-4210-98B6-044502CE24EE}
	EndGlobalSection
EndGlobal
